
Microsoft Visual Studio Solution File, Format Version 11.00
# Visual Studio 2010
Project("{2150E333-8FDC-42A3-9474-1A3956D46DE8}") = ".nuget", ".nuget", "{19255F42-0565-48E7-BBFC-D1567DE7D67D}"
	ProjectSection(SolutionItems) = preProject
		.nuget\NuGet.Config = .nuget\NuGet.Config
		.nuget\NuGet.exe = .nuget\NuGet.exe
		.nuget\NuGet.targets = .nuget\NuGet.targets
	EndProjectSection
EndProject
Project("{2150E333-8FDC-42A3-9474-1A3956D46DE8}") = "Phatra Libraries", "Phatra Libraries", "{782A4755-357B-497F-B7BF-E82DDC2886D5}"
EndProject
Project("{FAE04EC0-301F-11D3-BF4B-00C04F79EFBC}") = "Phatra.Core", "Phatra.Core\Phatra.Core.csproj", "{ECC8CDFF-7968-48D2-8B59-5CB7751EFB08}"
EndProject
Project("{FAE04EC0-301F-11D3-BF4B-00C04F79EFBC}") = "Phatra.Core.Web", "Phatra.Core.Web\Phatra.Core.Web.csproj", "{863AB683-A79B-4E01-9AB5-3A7D2CFF862B}"
EndProject
Project("{FAE04EC0-301F-11D3-BF4B-00C04F79EFBC}") = "Phatra.CallCenter", "Phatra.CallCenter\Phatra.CallCenter.csproj", "{DDE8B81D-D00E-471D-80D9-8B929692F38B}"
EndProject
Project("{FAE04EC0-301F-11D3-BF4B-00C04F79EFBC}") = "CallCenter.Web", "CallCenter.Web\CallCenter.Web.csproj", "{3C60311F-56CC-4985-BBEF-09B43439EE74}"
EndProject
Project("{FAE04EC0-301F-11D3-BF4B-00C04F79EFBC}") = "CallCenter.Services", "CallCenter.Services\CallCenter.Services.csproj", "{631CA4F1-F61F-4D4A-8AA2-2A9E27E1C270}"
EndProject
Project("{FAE04EC0-301F-11D3-BF4B-00C04F79EFBC}") = "Finesse.DesktopAPIs", "Finesse.DesktopAPIs\Finesse.DesktopAPIs.csproj", "{D2EC6877-959D-4B62-8F58-2F116A6A906D}"
EndProject
Project("{FAE04EC0-301F-11D3-BF4B-00C04F79EFBC}") = "CalCente.ImportMediaMetadataWindowsService", "CallCenter.ImportMediaMetadataWindowsService\ImportMediaMetadataWindowsService\CalCente.ImportMediaMetadataWindowsService.csproj", "{17E53401-8627-4E4A-A1D3-20C65126AB78}"
EndProject
Global
	GlobalSection(TeamFoundationVersionControl) = preSolution
		SccNumberOfProjects = 8
		SccEnterpriseProvider = {4CA58AB2-18FA-4F8D-95D4-32DDF27D184C}
		SccTeamFoundationServer = http://ptsecmsvssd1:8080/tfs/defaultcollection
		SccLocalPath0 = .
		SccProjectUniqueName1 = Phatra.Core\\Phatra.Core.csproj
		SccProjectTopLevelParentUniqueName1 = Call\u0020Center\u0020System.sln
		SccProjectName1 = Phatra.Core
		SccLocalPath1 = Phatra.Core
		SccProjectUniqueName2 = Phatra.Core.Web\\Phatra.Core.Web.csproj
		SccProjectTopLevelParentUniqueName2 = Call\u0020Center\u0020System.sln
		SccProjectName2 = Phatra.Core.Web
		SccLocalPath2 = Phatra.Core.Web
		SccProjectUniqueName3 = Phatra.CallCenter\\Phatra.CallCenter.csproj
		SccProjectName3 = Phatra.CallCenter
		SccLocalPath3 = Phatra.CallCenter
		SccProjectUniqueName4 = CallCenter.Web\\CallCenter.Web.csproj
		SccProjectName4 = CallCenter.Web
		SccLocalPath4 = CallCenter.Web
		SccProjectUniqueName5 = CallCenter.Services\\CallCenter.Services.csproj
		SccProjectName5 = CallCenter.Services
		SccLocalPath5 = CallCenter.Services
		SccProjectUniqueName6 = Finesse.DesktopAPIs\\Finesse.DesktopAPIs.csproj
		SccProjectName6 = Finesse.DesktopAPIs
		SccLocalPath6 = Finesse.DesktopAPIs
		SccProjectUniqueName7 = CallCenter.ImportMediaMetadataWindowsService\\ImportMediaMetadataWindowsService\\CalCente.ImportMediaMetadataWindowsService.csproj
		SccProjectName7 = CallCenter.ImportMediaMetadataWindowsService/ImportMediaMetadataWindowsService
		SccLocalPath7 = CallCenter.ImportMediaMetadataWindowsService\\ImportMediaMetadataWindowsService
	EndGlobalSection
	GlobalSection(SolutionConfigurationPlatforms) = preSolution
		Debug|Any CPU = Debug|Any CPU
		Debug|Mixed Platforms = Debug|Mixed Platforms
		Debug|x86 = Debug|x86
		PTSECMSWEB11|Any CPU = PTSECMSWEB11|Any CPU
		PTSECMSWEB11|Mixed Platforms = PTSECMSWEB11|Mixed Platforms
		PTSECMSWEB11|x86 = PTSECMSWEB11|x86
		PTSECMSWEBU2|Any CPU = PTSECMSWEBU2|Any CPU
		PTSECMSWEBU2|Mixed Platforms = PTSECMSWEBU2|Mixed Platforms
		PTSECMSWEBU2|x86 = PTSECMSWEBU2|x86
		Release|Any CPU = Release|Any CPU
		Release|Mixed Platforms = Release|Mixed Platforms
		Release|x86 = Release|x86
	EndGlobalSection
	GlobalSection(ProjectConfigurationPlatforms) = postSolution
		{ECC8CDFF-7968-48D2-8B59-5CB7751EFB08}.Debug|Any CPU.ActiveCfg = Debug|Any CPU
		{ECC8CDFF-7968-48D2-8B59-5CB7751EFB08}.Debug|Any CPU.Build.0 = Debug|Any CPU
		{ECC8CDFF-7968-48D2-8B59-5CB7751EFB08}.Debug|Mixed Platforms.ActiveCfg = Debug|Any CPU
		{ECC8CDFF-7968-48D2-8B59-5CB7751EFB08}.Debug|Mixed Platforms.Build.0 = Debug|Any CPU
		{ECC8CDFF-7968-48D2-8B59-5CB7751EFB08}.Debug|x86.ActiveCfg = Debug|Any CPU
		{ECC8CDFF-7968-48D2-8B59-5CB7751EFB08}.PTSECMSWEB11|Any CPU.ActiveCfg = PTSECMSWEB11|Any CPU
		{ECC8CDFF-7968-48D2-8B59-5CB7751EFB08}.PTSECMSWEB11|Any CPU.Build.0 = PTSECMSWEB11|Any CPU
		{ECC8CDFF-7968-48D2-8B59-5CB7751EFB08}.PTSECMSWEB11|Mixed Platforms.ActiveCfg = PTSECMSWEB11|Any CPU
		{ECC8CDFF-7968-48D2-8B59-5CB7751EFB08}.PTSECMSWEB11|Mixed Platforms.Build.0 = PTSECMSWEB11|Any CPU
		{ECC8CDFF-7968-48D2-8B59-5CB7751EFB08}.PTSECMSWEB11|x86.ActiveCfg = PTSECMSWEB11|Any CPU
		{ECC8CDFF-7968-48D2-8B59-5CB7751EFB08}.PTSECMSWEBU2|Any CPU.ActiveCfg = PTSECMSWEBU2|Any CPU
		{ECC8CDFF-7968-48D2-8B59-5CB7751EFB08}.PTSECMSWEBU2|Any CPU.Build.0 = PTSECMSWEBU2|Any CPU
		{ECC8CDFF-7968-48D2-8B59-5CB7751EFB08}.PTSECMSWEBU2|Mixed Platforms.ActiveCfg = PTSECMSWEBU2|Any CPU
		{ECC8CDFF-7968-48D2-8B59-5CB7751EFB08}.PTSECMSWEBU2|Mixed Platforms.Build.0 = PTSECMSWEBU2|Any CPU
		{ECC8CDFF-7968-48D2-8B59-5CB7751EFB08}.PTSECMSWEBU2|x86.ActiveCfg = PTSECMSWEBU2|Any CPU
		{ECC8CDFF-7968-48D2-8B59-5CB7751EFB08}.Release|Any CPU.ActiveCfg = Release|Any CPU
		{ECC8CDFF-7968-48D2-8B59-5CB7751EFB08}.Release|Any CPU.Build.0 = Release|Any CPU
		{ECC8CDFF-7968-48D2-8B59-5CB7751EFB08}.Release|Mixed Platforms.ActiveCfg = Release|Any CPU
		{ECC8CDFF-7968-48D2-8B59-5CB7751EFB08}.Release|Mixed Platforms.Build.0 = Release|Any CPU
		{ECC8CDFF-7968-48D2-8B59-5CB7751EFB08}.Release|x86.ActiveCfg = Release|Any CPU
		{863AB683-A79B-4E01-9AB5-3A7D2CFF862B}.Debug|Any CPU.ActiveCfg = Debug|Any CPU
		{863AB683-A79B-4E01-9AB5-3A7D2CFF862B}.Debug|Any CPU.Build.0 = Debug|Any CPU
		{863AB683-A79B-4E01-9AB5-3A7D2CFF862B}.Debug|Mixed Platforms.ActiveCfg = Debug|Any CPU
		{863AB683-A79B-4E01-9AB5-3A7D2CFF862B}.Debug|Mixed Platforms.Build.0 = Debug|Any CPU
		{863AB683-A79B-4E01-9AB5-3A7D2CFF862B}.Debug|x86.ActiveCfg = Debug|Any CPU
		{863AB683-A79B-4E01-9AB5-3A7D2CFF862B}.PTSECMSWEB11|Any CPU.ActiveCfg = PTSECMSWEB11|Any CPU
		{863AB683-A79B-4E01-9AB5-3A7D2CFF862B}.PTSECMSWEB11|Any CPU.Build.0 = PTSECMSWEB11|Any CPU
		{863AB683-A79B-4E01-9AB5-3A7D2CFF862B}.PTSECMSWEB11|Mixed Platforms.ActiveCfg = PTSECMSWEB11|Any CPU
		{863AB683-A79B-4E01-9AB5-3A7D2CFF862B}.PTSECMSWEB11|Mixed Platforms.Build.0 = PTSECMSWEB11|Any CPU
		{863AB683-A79B-4E01-9AB5-3A7D2CFF862B}.PTSECMSWEB11|x86.ActiveCfg = PTSECMSWEB11|Any CPU
		{863AB683-A79B-4E01-9AB5-3A7D2CFF862B}.PTSECMSWEBU2|Any CPU.ActiveCfg = PTSECMSWEBU2|Any CPU
		{863AB683-A79B-4E01-9AB5-3A7D2CFF862B}.PTSECMSWEBU2|Any CPU.Build.0 = PTSECMSWEBU2|Any CPU
		{863AB683-A79B-4E01-9AB5-3A7D2CFF862B}.PTSECMSWEBU2|Mixed Platforms.ActiveCfg = PTSECMSWEBU2|Any CPU
		{863AB683-A79B-4E01-9AB5-3A7D2CFF862B}.PTSECMSWEBU2|Mixed Platforms.Build.0 = PTSECMSWEBU2|Any CPU
		{863AB683-A79B-4E01-9AB5-3A7D2CFF862B}.PTSECMSWEBU2|x86.ActiveCfg = PTSECMSWEBU2|Any CPU
		{863AB683-A79B-4E01-9AB5-3A7D2CFF862B}.Release|Any CPU.ActiveCfg = Release|Any CPU
		{863AB683-A79B-4E01-9AB5-3A7D2CFF862B}.Release|Any CPU.Build.0 = Release|Any CPU
		{863AB683-A79B-4E01-9AB5-3A7D2CFF862B}.Release|Mixed Platforms.ActiveCfg = Release|Any CPU
		{863AB683-A79B-4E01-9AB5-3A7D2CFF862B}.Release|Mixed Platforms.Build.0 = Release|Any CPU
		{863AB683-A79B-4E01-9AB5-3A7D2CFF862B}.Release|x86.ActiveCfg = Release|Any CPU
		{DDE8B81D-D00E-471D-80D9-8B929692F38B}.Debug|Any CPU.ActiveCfg = Debug|Any CPU
		{DDE8B81D-D00E-471D-80D9-8B929692F38B}.Debug|Any CPU.Build.0 = Debug|Any CPU
		{DDE8B81D-D00E-471D-80D9-8B929692F38B}.Debug|Mixed Platforms.ActiveCfg = Debug|Any CPU
		{DDE8B81D-D00E-471D-80D9-8B929692F38B}.Debug|Mixed Platforms.Build.0 = Debug|Any CPU
		{DDE8B81D-D00E-471D-80D9-8B929692F38B}.Debug|x86.ActiveCfg = Debug|Any CPU
		{DDE8B81D-D00E-471D-80D9-8B929692F38B}.PTSECMSWEB11|Any CPU.ActiveCfg = PTSECMSWEB11|Any CPU
		{DDE8B81D-D00E-471D-80D9-8B929692F38B}.PTSECMSWEB11|Any CPU.Build.0 = PTSECMSWEB11|Any CPU
		{DDE8B81D-D00E-471D-80D9-8B929692F38B}.PTSECMSWEB11|Mixed Platforms.ActiveCfg = PTSECMSWEB11|Any CPU
		{DDE8B81D-D00E-471D-80D9-8B929692F38B}.PTSECMSWEB11|Mixed Platforms.Build.0 = PTSECMSWEB11|Any CPU
		{DDE8B81D-D00E-471D-80D9-8B929692F38B}.PTSECMSWEB11|x86.ActiveCfg = PTSECMSWEB11|Any CPU
		{DDE8B81D-D00E-471D-80D9-8B929692F38B}.PTSECMSWEBU2|Any CPU.ActiveCfg = PTSECMSWEBU2|Any CPU
		{DDE8B81D-D00E-471D-80D9-8B929692F38B}.PTSECMSWEBU2|Any CPU.Build.0 = PTSECMSWEBU2|Any CPU
		{DDE8B81D-D00E-471D-80D9-8B929692F38B}.PTSECMSWEBU2|Mixed Platforms.ActiveCfg = PTSECMSWEBU2|Any CPU
		{DDE8B81D-D00E-471D-80D9-8B929692F38B}.PTSECMSWEBU2|Mixed Platforms.Build.0 = PTSECMSWEBU2|Any CPU
		{DDE8B81D-D00E-471D-80D9-8B929692F38B}.PTSECMSWEBU2|x86.ActiveCfg = PTSECMSWEBU2|Any CPU
		{DDE8B81D-D00E-471D-80D9-8B929692F38B}.Release|Any CPU.ActiveCfg = Release|Any CPU
		{DDE8B81D-D00E-471D-80D9-8B929692F38B}.Release|Any CPU.Build.0 = Release|Any CPU
		{DDE8B81D-D00E-471D-80D9-8B929692F38B}.Release|Mixed Platforms.ActiveCfg = Release|Any CPU
		{DDE8B81D-D00E-471D-80D9-8B929692F38B}.Release|Mixed Platforms.Build.0 = Release|Any CPU
		{DDE8B81D-D00E-471D-80D9-8B929692F38B}.Release|x86.ActiveCfg = Release|Any CPU
		{3C60311F-56CC-4985-BBEF-09B43439EE74}.Debug|Any CPU.ActiveCfg = Debug|Any CPU
		{3C60311F-56CC-4985-BBEF-09B43439EE74}.Debug|Any CPU.Build.0 = Debug|Any CPU
		{3C60311F-56CC-4985-BBEF-09B43439EE74}.Debug|Mixed Platforms.ActiveCfg = Debug|Any CPU
		{3C60311F-56CC-4985-BBEF-09B43439EE74}.Debug|Mixed Platforms.Build.0 = Debug|Any CPU
		{3C60311F-56CC-4985-BBEF-09B43439EE74}.Debug|x86.ActiveCfg = Debug|Any CPU
		{3C60311F-56CC-4985-BBEF-09B43439EE74}.PTSECMSWEB11|Any CPU.ActiveCfg = PTSECMSWEB11|Any CPU
		{3C60311F-56CC-4985-BBEF-09B43439EE74}.PTSECMSWEB11|Any CPU.Build.0 = PTSECMSWEB11|Any CPU
		{3C60311F-56CC-4985-BBEF-09B43439EE74}.PTSECMSWEB11|Mixed Platforms.ActiveCfg = PTSECMSWEB11|Any CPU
		{3C60311F-56CC-4985-BBEF-09B43439EE74}.PTSECMSWEB11|Mixed Platforms.Build.0 = PTSECMSWEB11|Any CPU
		{3C60311F-56CC-4985-BBEF-09B43439EE74}.PTSECMSWEB11|x86.ActiveCfg = PTSECMSWEB11|Any CPU
		{3C60311F-56CC-4985-BBEF-09B43439EE74}.PTSECMSWEBU2|Any CPU.ActiveCfg = PTSECMSWEBU2|Any CPU
		{3C60311F-56CC-4985-BBEF-09B43439EE74}.PTSECMSWEBU2|Any CPU.Build.0 = PTSECMSWEBU2|Any CPU
		{3C60311F-56CC-4985-BBEF-09B43439EE74}.PTSECMSWEBU2|Mixed Platforms.ActiveCfg = PTSECMSWEBU2|Any CPU
		{3C60311F-56CC-4985-BBEF-09B43439EE74}.PTSECMSWEBU2|Mixed Platforms.Build.0 = PTSECMSWEBU2|Any CPU
		{3C60311F-56CC-4985-BBEF-09B43439EE74}.PTSECMSWEBU2|x86.ActiveCfg = PTSECMSWEBU2|Any CPU
		{3C60311F-56CC-4985-BBEF-09B43439EE74}.Release|Any CPU.ActiveCfg = Release|Any CPU
		{3C60311F-56CC-4985-BBEF-09B43439EE74}.Release|Any CPU.Build.0 = Release|Any CPU
		{3C60311F-56CC-4985-BBEF-09B43439EE74}.Release|Mixed Platforms.ActiveCfg = Release|Any CPU
		{3C60311F-56CC-4985-BBEF-09B43439EE74}.Release|Mixed Platforms.Build.0 = Release|Any CPU
		{3C60311F-56CC-4985-BBEF-09B43439EE74}.Release|x86.ActiveCfg = Release|Any CPU
		{631CA4F1-F61F-4D4A-8AA2-2A9E27E1C270}.Debug|Any CPU.ActiveCfg = Debug|Any CPU
		{631CA4F1-F61F-4D4A-8AA2-2A9E27E1C270}.Debug|Any CPU.Build.0 = Debug|Any CPU
		{631CA4F1-F61F-4D4A-8AA2-2A9E27E1C270}.Debug|Mixed Platforms.ActiveCfg = Debug|Any CPU
		{631CA4F1-F61F-4D4A-8AA2-2A9E27E1C270}.Debug|Mixed Platforms.Build.0 = Debug|Any CPU
		{631CA4F1-F61F-4D4A-8AA2-2A9E27E1C270}.Debug|x86.ActiveCfg = Debug|Any CPU
		{631CA4F1-F61F-4D4A-8AA2-2A9E27E1C270}.PTSECMSWEB11|Any CPU.ActiveCfg = PTSECMSWEB11|Any CPU
		{631CA4F1-F61F-4D4A-8AA2-2A9E27E1C270}.PTSECMSWEB11|Any CPU.Build.0 = PTSECMSWEB11|Any CPU
		{631CA4F1-F61F-4D4A-8AA2-2A9E27E1C270}.PTSECMSWEB11|Mixed Platforms.ActiveCfg = PTSECMSWEB11|Any CPU
		{631CA4F1-F61F-4D4A-8AA2-2A9E27E1C270}.PTSECMSWEB11|Mixed Platforms.Build.0 = PTSECMSWEB11|Any CPU
		{631CA4F1-F61F-4D4A-8AA2-2A9E27E1C270}.PTSECMSWEB11|x86.ActiveCfg = PTSECMSWEB11|Any CPU
		{631CA4F1-F61F-4D4A-8AA2-2A9E27E1C270}.PTSECMSWEBU2|Any CPU.ActiveCfg = PTSECMSWEBU2|Any CPU
		{631CA4F1-F61F-4D4A-8AA2-2A9E27E1C270}.PTSECMSWEBU2|Any CPU.Build.0 = PTSECMSWEBU2|Any CPU
		{631CA4F1-F61F-4D4A-8AA2-2A9E27E1C270}.PTSECMSWEBU2|Mixed Platforms.ActiveCfg = PTSECMSWEBU2|Any CPU
		{631CA4F1-F61F-4D4A-8AA2-2A9E27E1C270}.PTSECMSWEBU2|Mixed Platforms.Build.0 = PTSECMSWEBU2|Any CPU
		{631CA4F1-F61F-4D4A-8AA2-2A9E27E1C270}.PTSECMSWEBU2|x86.ActiveCfg = PTSECMSWEBU2|Any CPU
		{631CA4F1-F61F-4D4A-8AA2-2A9E27E1C270}.Release|Any CPU.ActiveCfg = Release|Any CPU
		{631CA4F1-F61F-4D4A-8AA2-2A9E27E1C270}.Release|Any CPU.Build.0 = Release|Any CPU
		{631CA4F1-F61F-4D4A-8AA2-2A9E27E1C270}.Release|Mixed Platforms.ActiveCfg = Release|Any CPU
		{631CA4F1-F61F-4D4A-8AA2-2A9E27E1C270}.Release|Mixed Platforms.Build.0 = Release|Any CPU
		{631CA4F1-F61F-4D4A-8AA2-2A9E27E1C270}.Release|x86.ActiveCfg = Release|Any CPU
		{D2EC6877-959D-4B62-8F58-2F116A6A906D}.Debug|Any CPU.ActiveCfg = Debug|Any CPU
		{D2EC6877-959D-4B62-8F58-2F116A6A906D}.Debug|Any CPU.Build.0 = Debug|Any CPU
		{D2EC6877-959D-4B62-8F58-2F116A6A906D}.Debug|Mixed Platforms.ActiveCfg = Debug|Any CPU
		{D2EC6877-959D-4B62-8F58-2F116A6A906D}.Debug|Mixed Platforms.Build.0 = Debug|Any CPU
		{D2EC6877-959D-4B62-8F58-2F116A6A906D}.Debug|x86.ActiveCfg = Debug|Any CPU
		{D2EC6877-959D-4B62-8F58-2F116A6A906D}.PTSECMSWEB11|Any CPU.ActiveCfg = PTSECMSWEB11|Any CPU
		{D2EC6877-959D-4B62-8F58-2F116A6A906D}.PTSECMSWEB11|Any CPU.Build.0 = PTSECMSWEB11|Any CPU
		{D2EC6877-959D-4B62-8F58-2F116A6A906D}.PTSECMSWEB11|Mixed Platforms.ActiveCfg = PTSECMSWEB11|Any CPU
		{D2EC6877-959D-4B62-8F58-2F116A6A906D}.PTSECMSWEB11|Mixed Platforms.Build.0 = PTSECMSWEB11|Any CPU
		{D2EC6877-959D-4B62-8F58-2F116A6A906D}.PTSECMSWEB11|x86.ActiveCfg = PTSECMSWEB11|Any CPU
		{D2EC6877-959D-4B62-8F58-2F116A6A906D}.PTSECMSWEBU2|Any CPU.ActiveCfg = PTSECMSWEBU2|Any CPU
		{D2EC6877-959D-4B62-8F58-2F116A6A906D}.PTSECMSWEBU2|Any CPU.Build.0 = PTSECMSWEBU2|Any CPU
		{D2EC6877-959D-4B62-8F58-2F116A6A906D}.PTSECMSWEBU2|Mixed Platforms.ActiveCfg = PTSECMSWEBU2|Any CPU
		{D2EC6877-959D-4B62-8F58-2F116A6A906D}.PTSECMSWEBU2|Mixed Platforms.Build.0 = PTSECMSWEBU2|Any CPU
		{D2EC6877-959D-4B62-8F58-2F116A6A906D}.PTSECMSWEBU2|x86.ActiveCfg = PTSECMSWEBU2|Any CPU
		{D2EC6877-959D-4B62-8F58-2F116A6A906D}.Release|Any CPU.ActiveCfg = Release|Any CPU
		{D2EC6877-959D-4B62-8F58-2F116A6A906D}.Release|Any CPU.Build.0 = Release|Any CPU
		{D2EC6877-959D-4B62-8F58-2F116A6A906D}.Release|Mixed Platforms.ActiveCfg = Release|Any CPU
		{D2EC6877-959D-4B62-8F58-2F116A6A906D}.Release|Mixed Platforms.Build.0 = Release|Any CPU
		{D2EC6877-959D-4B62-8F58-2F116A6A906D}.Release|x86.ActiveCfg = Release|Any CPU
		{17E53401-8627-4E4A-A1D3-20C65126AB78}.Debug|Any CPU.ActiveCfg = Debug|x86
		{17E53401-8627-4E4A-A1D3-20C65126AB78}.Debug|Mixed Platforms.ActiveCfg = Debug|x86
		{17E53401-8627-4E4A-A1D3-20C65126AB78}.Debug|Mixed Platforms.Build.0 = Debug|x86
		{17E53401-8627-4E4A-A1D3-20C65126AB78}.Debug|x86.ActiveCfg = Debug|x86
		{17E53401-8627-4E4A-A1D3-20C65126AB78}.Debug|x86.Build.0 = Debug|x86
		{17E53401-8627-4E4A-A1D3-20C65126AB78}.PTSECMSWEB11|Any CPU.ActiveCfg = PTSECMSWEB11|x86
		{17E53401-8627-4E4A-A1D3-20C65126AB78}.PTSECMSWEB11|Mixed Platforms.ActiveCfg = PTSECMSWEB11|x86
		{17E53401-8627-4E4A-A1D3-20C65126AB78}.PTSECMSWEB11|Mixed Platforms.Build.0 = PTSECMSWEB11|x86
		{17E53401-8627-4E4A-A1D3-20C65126AB78}.PTSECMSWEB11|x86.ActiveCfg = PTSECMSWEB11|x86
		{17E53401-8627-4E4A-A1D3-20C65126AB78}.PTSECMSWEB11|x86.Build.0 = PTSECMSWEB11|x86
		{17E53401-8627-4E4A-A1D3-20C65126AB78}.PTSECMSWEBU2|Any CPU.ActiveCfg = PTSECMSWEBU2|x86
		{17E53401-8627-4E4A-A1D3-20C65126AB78}.PTSECMSWEBU2|Mixed Platforms.ActiveCfg = PTSECMSWEBU2|x86
		{17E53401-8627-4E4A-A1D3-20C65126AB78}.PTSECMSWEBU2|Mixed Platforms.Build.0 = PTSECMSWEBU2|x86
		{17E53401-8627-4E4A-A1D3-20C65126AB78}.PTSECMSWEBU2|x86.ActiveCfg = PTSECMSWEBU2|x86
		{17E53401-8627-4E4A-A1D3-20C65126AB78}.PTSECMSWEBU2|x86.Build.0 = PTSECMSWEBU2|x86
		{17E53401-8627-4E4A-A1D3-20C65126AB78}.Release|Any CPU.ActiveCfg = Release|x86
		{17E53401-8627-4E4A-A1D3-20C65126AB78}.Release|Mixed Platforms.ActiveCfg = Release|x86
		{17E53401-8627-4E4A-A1D3-20C65126AB78}.Release|Mixed Platforms.Build.0 = Release|x86
		{17E53401-8627-4E4A-A1D3-20C65126AB78}.Release|x86.ActiveCfg = Release|x86
		{17E53401-8627-4E4A-A1D3-20C65126AB78}.Release|x86.Build.0 = Release|x86
	EndGlobalSection
	GlobalSection(SolutionProperties) = preSolution
		HideSolutionNode = FALSE
	EndGlobalSection
	GlobalSection(NestedProjects) = preSolution
		{ECC8CDFF-7968-48D2-8B59-5CB7751EFB08} = {782A4755-357B-497F-B7BF-E82DDC2886D5}
		{863AB683-A79B-4E01-9AB5-3A7D2CFF862B} = {782A4755-357B-497F-B7BF-E82DDC2886D5}
	EndGlobalSection
EndGlobal
